// !$*UTF8*$!
{
	archiveVersion = 1;
	classes = {
	};
	objectVersion = 56;
	objects = {

/* Begin PBXBuildFile section */
		9E501A982B201ACC00745DDF /* Airbnb_CloneApp.swift in Sources */ = {isa = PBXBuildFile; fileRef = 9E501A972B201ACC00745DDF /* Airbnb_CloneApp.swift */; };
		9E501A9A2B201ACC00745DDF /* ContentView.swift in Sources */ = {isa = PBXBuildFile; fileRef = 9E501A992B201ACC00745DDF /* ContentView.swift */; };
		9E501A9C2B201AD300745DDF /* Assets.xcassets in Resources */ = {isa = PBXBuildFile; fileRef = 9E501A9B2B201AD300745DDF /* Assets.xcassets */; };
		9E501A9F2B201AD300745DDF /* Preview Assets.xcassets in Resources */ = {isa = PBXBuildFile; fileRef = 9E501A9E2B201AD300745DDF /* Preview Assets.xcassets */; };
		9E501AB42B201E9300745DDF /* ExploreView.swift in Sources */ = {isa = PBXBuildFile; fileRef = 9E501AB32B201E9300745DDF /* ExploreView.swift */; };
		9E501ABA2B201FF600745DDF /* ListingItemView.swift in Sources */ = {isa = PBXBuildFile; fileRef = 9E501AB92B201FF600745DDF /* ListingItemView.swift */; };
		9E501ABC2B21859000745DDF /* SearchFilterBarView.swift in Sources */ = {isa = PBXBuildFile; fileRef = 9E501ABB2B21858F00745DDF /* SearchFilterBarView.swift */; };
/* End PBXBuildFile section */

/* Begin PBXFileReference section */
		9E501A942B201ACC00745DDF /* Airbnb Clone.app */ = {isa = PBXFileReference; explicitFileType = wrapper.application; includeInIndex = 0; path = "Airbnb Clone.app"; sourceTree = BUILT_PRODUCTS_DIR; };
		9E501A972B201ACC00745DDF /* Airbnb_CloneApp.swift */ = {isa = PBXFileReference; lastKnownFileType = sourcecode.swift; path = Airbnb_CloneApp.swift; sourceTree = "<group>"; };
		9E501A992B201ACC00745DDF /* ContentView.swift */ = {isa = PBXFileReference; lastKnownFileType = sourcecode.swift; path = ContentView.swift; sourceTree = "<group>"; };
		9E501A9B2B201AD300745DDF /* Assets.xcassets */ = {isa = PBXFileReference; lastKnownFileType = folder.assetcatalog; path = Assets.xcassets; sourceTree = "<group>"; };
		9E501A9E2B201AD300745DDF /* Preview Assets.xcassets */ = {isa = PBXFileReference; lastKnownFileType = folder.assetcatalog; path = "Preview Assets.xcassets"; sourceTree = "<group>"; };
		9E501AB32B201E9300745DDF /* ExploreView.swift */ = {isa = PBXFileReference; lastKnownFileType = sourcecode.swift; path = ExploreView.swift; sourceTree = "<group>"; };
		9E501AB92B201FF600745DDF /* ListingItemView.swift */ = {isa = PBXFileReference; lastKnownFileType = sourcecode.swift; path = ListingItemView.swift; sourceTree = "<group>"; };
		9E501ABB2B21858F00745DDF /* SearchFilterBarView.swift */ = {isa = PBXFileReference; lastKnownFileType = sourcecode.swift; path = SearchFilterBarView.swift; sourceTree = "<group>"; };
/* End PBXFileReference section */

/* Begin PBXFrameworksBuildPhase section */
		9E501A912B201ACC00745DDF /* Frameworks */ = {
			isa = PBXFrameworksBuildPhase;
			buildActionMask = 2147483647;
			files = (
			);
			runOnlyForDeploymentPostprocessing = 0;
		};
/* End PBXFrameworksBuildPhase section */

/* Begin PBXGroup section */
		9E501A8B2B201ACB00745DDF = {
			isa = PBXGroup;
			children = (
				9E501A962B201ACC00745DDF /* Airbnb Clone */,
				9E501A952B201ACC00745DDF /* Products */,
			);
			sourceTree = "<group>";
		};
		9E501A952B201ACC00745DDF /* Products */ = {
			isa = PBXGroup;
			children = (
				9E501A942B201ACC00745DDF /* Airbnb Clone.app */,
			);
			name = Products;
			sourceTree = "<group>";
		};
		9E501A962B201ACC00745DDF /* Airbnb Clone */ = {
			isa = PBXGroup;
			children = (
				9E501AA52B201BD100745DDF /* App */,
				9E501AA62B201BE300745DDF /* Core */,
				9E501AA82B201BFB00745DDF /* Extensions */,
				9E501AA72B201BF300745DDF /* Utils */,
				9E501A992B201ACC00745DDF /* ContentView.swift */,
				9E501A9B2B201AD300745DDF /* Assets.xcassets */,
				9E501A9D2B201AD300745DDF /* Preview Content */,
			);
			path = "Airbnb Clone";
			sourceTree = "<group>";
		};
		9E501A9D2B201AD300745DDF /* Preview Content */ = {
			isa = PBXGroup;
			children = (
				9E501A9E2B201AD300745DDF /* Preview Assets.xcassets */,
			);
			path = "Preview Content";
			sourceTree = "<group>";
		};
		9E501AA52B201BD100745DDF /* App */ = {
			isa = PBXGroup;
			children = (
				9E501A972B201ACC00745DDF /* Airbnb_CloneApp.swift */,
			);
			path = App;
			sourceTree = "<group>";
		};
		9E501AA62B201BE300745DDF /* Core */ = {
			isa = PBXGroup;
			children = (
				9E501AAB2B201C6C00745DDF /* Explore */,
				9E501AAC2B201C7000745DDF /* Listings */,
				9E501AAD2B201C7400745DDF /* MapView */,
				9E501AAE2B201C7800745DDF /* Profile */,
				9E501AB22B201D2200745DDF /* Root */,
				9E501AB02B201D0500745DDF /* TabBar */,
				9E501AB12B201D1A00745DDF /* Wishlists */,
			);
			path = Core;
			sourceTree = "<group>";
		};
		9E501AA72B201BF300745DDF /* Utils */ = {
			isa = PBXGroup;
			children = (
			);
			path = Utils;
			sourceTree = "<group>";
		};
		9E501AA82B201BFB00745DDF /* Extensions */ = {
			isa = PBXGroup;
			children = (
				9E501AA92B201C0400745DDF /* Models */,
			);
			path = Extensions;
			sourceTree = "<group>";
		};
		9E501AA92B201C0400745DDF /* Models */ = {
			isa = PBXGroup;
			children = (
			);
			path = Models;
			sourceTree = "<group>";
		};
		9E501AAB2B201C6C00745DDF /* Explore */ = {
			isa = PBXGroup;
			children = (
				9E501AB32B201E9300745DDF /* ExploreView.swift */,
				9E501ABB2B21858F00745DDF /* SearchFilterBarView.swift */,
			);
			path = Explore;
			sourceTree = "<group>";
		};
		9E501AAC2B201C7000745DDF /* Listings */ = {
			isa = PBXGroup;
			children = (
				9E501AB92B201FF600745DDF /* ListingItemView.swift */,
			);
			path = Listings;
			sourceTree = "<group>";
		};
		9E501AAD2B201C7400745DDF /* MapView */ = {
			isa = PBXGroup;
			children = (
			);
			path = MapView;
			sourceTree = "<group>";
		};
		9E501AAE2B201C7800745DDF /* Profile */ = {
			isa = PBXGroup;
			children = (
			);
			path = Profile;
			sourceTree = "<group>";
		};
		9E501AB02B201D0500745DDF /* TabBar */ = {
			isa = PBXGroup;
			children = (
			);
			path = TabBar;
			sourceTree = "<group>";
		};
		9E501AB12B201D1A00745DDF /* Wishlists */ = {
			isa = PBXGroup;
			children = (
			);
			path = Wishlists;
			sourceTree = "<group>";
		};
		9E501AB22B201D2200745DDF /* Root */ = {
			isa = PBXGroup;
			children = (
			);
			path = Root;
			sourceTree = "<group>";
		};
/* End PBXGroup section */

/* Begin PBXNativeTarget section */
		9E501A932B201ACC00745DDF /* Airbnb Clone */ = {
			isa = PBXNativeTarget;
			buildConfigurationList = 9E501AA22B201AD300745DDF /* Build configuration list for PBXNativeTarget "Airbnb Clone" */;
			buildPhases = (
				9E501A902B201ACC00745DDF /* Sources */,
				9E501A912B201ACC00745DDF /* Frameworks */,
				9E501A922B201ACC00745DDF /* Resources */,
			);
			buildRules = (
			);
			dependencies = (
			);
			name = "Airbnb Clone";
			productName = "Airbnb Clone";
			productReference = 9E501A942B201ACC00745DDF /* Airbnb Clone.app */;
			productType = "com.apple.product-type.application";
		};
/* End PBXNativeTarget section */

/* Begin PBXProject section */
		9E501A8C2B201ACB00745DDF /* Project object */ = {
			isa = PBXProject;
			attributes = {
				BuildIndependentTargetsInParallel = 1;
				LastSwiftUpdateCheck = 1500;
				LastUpgradeCheck = 1500;
				TargetAttributes = {
					9E501A932B201ACC00745DDF = {
						CreatedOnToolsVersion = 15.0.1;
					};
				};
			};
			buildConfigurationList = 9E501A8F2B201ACB00745DDF /* Build configuration list for PBXProject "Airbnb Clone" */;
			compatibilityVersion = "Xcode 14.0";
			developmentRegion = en;
			hasScannedForEncodings = 0;
			knownRegions = (
				en,
				Base,
			);
			mainGroup = 9E501A8B2B201ACB00745DDF;
			productRefGroup = 9E501A952B201ACC00745DDF /* Products */;
			projectDirPath = "";
			projectRoot = "";
			targets = (
				9E501A932B201ACC00745DDF /* Airbnb Clone */,
			);
		};
/* End PBXProject section */

/* Begin PBXResourcesBuildPhase section */
		9E501A922B201ACC00745DDF /* Resources */ = {
			isa = PBXResourcesBuildPhase;
			buildActionMask = 2147483647;
			files = (
				9E501A9F2B201AD300745DDF /* Preview Assets.xcassets in Resources */,
				9E501A9C2B201AD300745DDF /* Assets.xcassets in Resources */,
			);
			runOnlyForDeploymentPostprocessing = 0;
		};
/* End PBXResourcesBuildPhase section */

/* Begin PBXSourcesBuildPhase section */
		9E501A902B201ACC00745DDF /* Sources */ = {
			isa = PBXSourcesBuildPhase;
			buildActionMask = 2147483647;
			files = (
				9E501ABA2B201FF600745DDF /* ListingItemView.swift in Sources */,
				9E501A9A2B201ACC00745DDF /* ContentView.swift in Sources */,
				9E501AB42B201E9300745DDF /* ExploreView.swift in Sources */,
				9E501A982B201ACC00745DDF /* Airbnb_CloneApp.swift in Sources */,
				9E501ABC2B21859000745DDF /* SearchFilterBarView.swift in Sources */,
			);
			runOnlyForDeploymentPostprocessing = 0;
		};
/* End PBXSourcesBuildPhase section */

/* Begin XCBuildConfiguration section */
		9E501AA02B201AD300745DDF /* Debug */ = {
			isa = XCBuildConfiguration;
			buildSettings = {
				ALWAYS_SEARCH_USER_PATHS = NO;
				ASSETCATALOG_COMPILER_GENERATE_SWIFT_ASSET_SYMBOL_EXTENSIONS = YES;
				CLANG_ANALYZER_NONNULL = YES;
				CLANG_ANALYZER_NUMBER_OBJECT_CONVERSION = YES_AGGRESSIVE;
				CLANG_CXX_LANGUAGE_STANDARD = "gnu++20";
				CLANG_ENABLE_MODULES = YES;
				CLANG_ENABLE_OBJC_ARC = YES;
				CLANG_ENABLE_OBJC_WEAK = YES;
				CLANG_WARN_BLOCK_CAPTURE_AUTORELEASING = YES;
				CLANG_WARN_BOOL_CONVERSION = YES;
				CLANG_WARN_COMMA = YES;
				CLANG_WARN_CONSTANT_CONVERSION = YES;
				CLANG_WARN_DEPRECATED_OBJC_IMPLEMENTATIONS = YES;
				CLANG_WARN_DIRECT_OBJC_ISA_USAGE = YES_ERROR;
				CLANG_WARN_DOCUMENTATION_COMMENTS = YES;
				CLANG_WARN_EMPTY_BODY = YES;
				CLANG_WARN_ENUM_CONVERSION = YES;
				CLANG_WARN_INFINITE_RECURSION = YES;
				CLANG_WARN_INT_CONVERSION = YES;
				CLANG_WARN_NON_LITERAL_NULL_CONVERSION = YES;
				CLANG_WARN_OBJC_IMPLICIT_RETAIN_SELF = YES;
				CLANG_WARN_OBJC_LITERAL_CONVERSION = YES;
				CLANG_WARN_OBJC_ROOT_CLASS = YES_ERROR;
				CLANG_WARN_QUOTED_INCLUDE_IN_FRAMEWORK_HEADER = YES;
				CLANG_WARN_RANGE_LOOP_ANALYSIS = YES;
				CLANG_WARN_STRICT_PROTOTYPES = YES;
				CLANG_WARN_SUSPICIOUS_MOVE = YES;
				CLANG_WARN_UNGUARDED_AVAILABILITY = YES_AGGRESSIVE;
				CLANG_WARN_UNREACHABLE_CODE = YES;
				CLANG_WARN__DUPLICATE_METHOD_MATCH = YES;
				COPY_PHASE_STRIP = NO;
				DEBUG_INFORMATION_FORMAT = dwarf;
				ENABLE_STRICT_OBJC_MSGSEND = YES;
				ENABLE_TESTABILITY = YES;
				ENABLE_USER_SCRIPT_SANDBOXING = YES;
				GCC_C_LANGUAGE_STANDARD = gnu17;
				GCC_DYNAMIC_NO_PIC = NO;
				GCC_NO_COMMON_BLOCKS = YES;
				GCC_OPTIMIZATION_LEVEL = 0;
				GCC_PREPROCESSOR_DEFINITIONS = (
					"DEBUG=1",
					"$(inherited)",
				);
				GCC_WARN_64_TO_32_BIT_CONVERSION = YES;
				GCC_WARN_ABOUT_RETURN_TYPE = YES_ERROR;
				GCC_WARN_UNDECLARED_SELECTOR = YES;
				GCC_WARN_UNINITIALIZED_AUTOS = YES_AGGRESSIVE;
				GCC_WARN_UNUSED_FUNCTION = YES;
				GCC_WARN_UNUSED_VARIABLE = YES;
				IPHONEOS_DEPLOYMENT_TARGET = 17.0;
				LOCALIZATION_PREFERS_STRING_CATALOGS = YES;
				MTL_ENABLE_DEBUG_INFO = INCLUDE_SOURCE;
				MTL_FAST_MATH = YES;
				ONLY_ACTIVE_ARCH = YES;
				SDKROOT = iphoneos;
				SWIFT_ACTIVE_COMPILATION_CONDITIONS = "DEBUG $(inherited)";
				SWIFT_OPTIMIZATION_LEVEL = "-Onone";
			};
			name = Debug;
		};
		9E501AA12B201AD300745DDF /* Release */ = {
			isa = XCBuildConfiguration;
			buildSettings = {
				ALWAYS_SEARCH_USER_PATHS = NO;
				ASSETCATALOG_COMPILER_GENERATE_SWIFT_ASSET_SYMBOL_EXTENSIONS = YES;
				CLANG_ANALYZER_NONNULL = YES;
				CLANG_ANALYZER_NUMBER_OBJECT_CONVERSION = YES_AGGRESSIVE;
				CLANG_CXX_LANGUAGE_STANDARD = "gnu++20";
				CLANG_ENABLE_MODULES = YES;
				CLANG_ENABLE_OBJC_ARC = YES;
				CLANG_ENABLE_OBJC_WEAK = YES;
				CLANG_WARN_BLOCK_CAPTURE_AUTORELEASING = YES;
				CLANG_WARN_BOOL_CONVERSION = YES;
				CLANG_WARN_COMMA = YES;
				CLANG_WARN_CONSTANT_CONVERSION = YES;
				CLANG_WARN_DEPRECATED_OBJC_IMPLEMENTATIONS = YES;
				CLANG_WARN_DIRECT_OBJC_ISA_USAGE = YES_ERROR;
				CLANG_WARN_DOCUMENTATION_COMMENTS = YES;
				CLANG_WARN_EMPTY_BODY = YES;
				CLANG_WARN_ENUM_CONVERSION = YES;
				CLANG_WARN_INFINITE_RECURSION = YES;
				CLANG_WARN_INT_CONVERSION = YES;
				CLANG_WARN_NON_LITERAL_NULL_CONVERSION = YES;
				CLANG_WARN_OBJC_IMPLICIT_RETAIN_SELF = YES;
				CLANG_WARN_OBJC_LITERAL_CONVERSION = YES;
				CLANG_WARN_OBJC_ROOT_CLASS = YES_ERROR;
				CLANG_WARN_QUOTED_INCLUDE_IN_FRAMEWORK_HEADER = YES;
				CLANG_WARN_RANGE_LOOP_ANALYSIS = YES;
				CLANG_WARN_STRICT_PROTOTYPES = YES;
				CLANG_WARN_SUSPICIOUS_MOVE = YES;
				CLANG_WARN_UNGUARDED_AVAILABILITY = YES_AGGRESSIVE;
				CLANG_WARN_UNREACHABLE_CODE = YES;
				CLANG_WARN__DUPLICATE_METHOD_MATCH = YES;
				COPY_PHASE_STRIP = NO;
				DEBUG_INFORMATION_FORMAT = "dwarf-with-dsym";
				ENABLE_NS_ASSERTIONS = NO;
				ENABLE_STRICT_OBJC_MSGSEND = YES;
				ENABLE_USER_SCRIPT_SANDBOXING = YES;
				GCC_C_LANGUAGE_STANDARD = gnu17;
				GCC_NO_COMMON_BLOCKS = YES;
				GCC_WARN_64_TO_32_BIT_CONVERSION = YES;
				GCC_WARN_ABOUT_RETURN_TYPE = YES_ERROR;
				GCC_WARN_UNDECLARED_SELECTOR = YES;
				GCC_WARN_UNINITIALIZED_AUTOS = YES_AGGRESSIVE;
				GCC_WARN_UNUSED_FUNCTION = YES;
				GCC_WARN_UNUSED_VARIABLE = YES;
				IPHONEOS_DEPLOYMENT_TARGET = 17.0;
				LOCALIZATION_PREFERS_STRING_CATALOGS = YES;
				MTL_ENABLE_DEBUG_INFO = NO;
				MTL_FAST_MATH = YES;
				SDKROOT = iphoneos;
				SWIFT_COMPILATION_MODE = wholemodule;
				VALIDATE_PRODUCT = YES;
			};
			name = Release;
		};
		9E501AA32B201AD300745DDF /* Debug */ = {
			isa = XCBuildConfiguration;
			buildSettings = {
				ASSETCATALOG_COMPILER_APPICON_NAME = AppIcon;
				ASSETCATALOG_COMPILER_GLOBAL_ACCENT_COLOR_NAME = AccentColor;
				CODE_SIGN_STYLE = Automatic;
				CURRENT_PROJECT_VERSION = 1;
				DEVELOPMENT_ASSET_PATHS = "\"Airbnb Clone/Preview Content\"";
				ENABLE_PREVIEWS = YES;
				GENERATE_INFOPLIST_FILE = YES;
				INFOPLIST_KEY_UIApplicationSceneManifest_Generation = YES;
				INFOPLIST_KEY_UIApplicationSupportsIndirectInputEvents = YES;
				INFOPLIST_KEY_UILaunchScreen_Generation = YES;
				INFOPLIST_KEY_UISupportedInterfaceOrientations_iPad = "UIInterfaceOrientationPortrait UIInterfaceOrientationPortraitUpsideDown UIInterfaceOrientationLandscapeLeft UIInterfaceOrientationLandscapeRight";
				INFOPLIST_KEY_UISupportedInterfaceOrientations_iPhone = "UIInterfaceOrientationPortrait UIInterfaceOrientationLandscapeLeft UIInterfaceOrientationLandscapeRight";
				LD_RUNPATH_SEARCH_PATHS = (
					"$(inherited)",
					"@executable_path/Frameworks",
				);
				MARKETING_VERSION = 1.0;
				PRODUCT_BUNDLE_IDENTIFIER = "com.sebastian-nunez.Airbnb-Clone";
				PRODUCT_NAME = "$(TARGET_NAME)";
				SWIFT_EMIT_LOC_STRINGS = YES;
				SWIFT_VERSION = 5.0;
				TARGETED_DEVICE_FAMILY = "1,2";
			};
			name = Debug;
		};
		9E501AA42B201AD300745DDF /* Release */ = {
			isa = XCBuildConfiguration;
			buildSettings = {
				ASSETCATALOG_COMPILER_APPICON_NAME = AppIcon;
				ASSETCATALOG_COMPILER_GLOBAL_ACCENT_COLOR_NAME = AccentColor;
				CODE_SIGN_STYLE = Automatic;
				CURRENT_PROJECT_VERSION = 1;
				DEVELOPMENT_ASSET_PATHS = "\"Airbnb Clone/Preview Content\"";
				ENABLE_PREVIEWS = YES;
				GENERATE_INFOPLIST_FILE = YES;
				INFOPLIST_KEY_UIApplicationSceneManifest_Generation = YES;
				INFOPLIST_KEY_UIApplicationSupportsIndirectInputEvents = YES;
				INFOPLIST_KEY_UILaunchScreen_Generation = YES;
				INFOPLIST_KEY_UISupportedInterfaceOrientations_iPad = "UIInterfaceOrientationPortrait UIInterfaceOrientationPortraitUpsideDown UIInterfaceOrientationLandscapeLeft UIInterfaceOrientationLandscapeRight";
				INFOPLIST_KEY_UISupportedInterfaceOrientations_iPhone = "UIInterfaceOrientationPortrait UIInterfaceOrientationLandscapeLeft UIInterfaceOrientationLandscapeRight";
				LD_RUNPATH_SEARCH_PATHS = (
					"$(inherited)",
					"@executable_path/Frameworks",
				);
				MARKETING_VERSION = 1.0;
				PRODUCT_BUNDLE_IDENTIFIER = "com.sebastian-nunez.Airbnb-Clone";
				PRODUCT_NAME = "$(TARGET_NAME)";
				SWIFT_EMIT_LOC_STRINGS = YES;
				SWIFT_VERSION = 5.0;
				TARGETED_DEVICE_FAMILY = "1,2";
			};
			name = Release;
		};
/* End XCBuildConfiguration section */

/* Begin XCConfigurationList section */
		9E501A8F2B201ACB00745DDF /* Build configuration list for PBXProject "Airbnb Clone" */ = {
			isa = XCConfigurationList;
			buildConfigurations = (
				9E501AA02B201AD300745DDF /* Debug */,
				9E501AA12B201AD300745DDF /* Release */,
			);
			defaultConfigurationIsVisible = 0;
			defaultConfigurationName = Release;
		};
		9E501AA22B201AD300745DDF /* Build configuration list for PBXNativeTarget "Airbnb Clone" */ = {
			isa = XCConfigurationList;
			buildConfigurations = (
				9E501AA32B201AD300745DDF /* Debug */,
				9E501AA42B201AD300745DDF /* Release */,
			);
			defaultConfigurationIsVisible = 0;
			defaultConfigurationName = Release;
		};
/* End XCConfigurationList section */
	};
	rootObject = 9E501A8C2B201ACB00745DDF /* Project object */;
}
